
Microsoft Visual Studio Solution File, Format Version 12.00
# Visual Studio Version 17
VisualStudioVersion = 17.13.35919.96 d17.13
MinimumVisualStudioVersion = 10.0.40219.1
Project("{8BC9CEB8-8B4A-11D0-8D11-00A0C91BC942}") = "ThreadHijacking", "ThreadHijacking\ThreadHijacking.vcxproj", "{ACC393D8-FB46-43B3-8AF2-1CDBBEA959CA}"
EndProject
Global
	GlobalSection(SolutionConfigurationPlatforms) = preSolution
		Debug|x64 = Debug|x64
		Debug|x86 = Debug|x86
		Release|x64 = Release|x64
		Release|x86 = Release|x86
	EndGlobalSection
	GlobalSection(ProjectConfigurationPlatforms) = postSolution
		{ACC393D8-FB46-43B3-8AF2-1CDBBEA959CA}.Debug|x64.ActiveCfg = Debug|x64
		{ACC393D8-FB46-43B3-8AF2-1CDBBEA959CA}.Debug|x64.Build.0 = Debug|x64
		{ACC393D8-FB46-43B3-8AF2-1CDBBEA959CA}.Debug|x86.ActiveCfg = Debug|Win32
		{ACC393D8-FB46-43B3-8AF2-1CDBBEA959CA}.Debug|x86.Build.0 = Debug|Win32
		{ACC393D8-FB46-43B3-8AF2-1CDBBEA959CA}.Release|x64.ActiveCfg = Release|x64
		{ACC393D8-FB46-43B3-8AF2-1CDBBEA959CA}.Release|x64.Build.0 = Release|x64
		{ACC393D8-FB46-43B3-8AF2-1CDBBEA959CA}.Release|x86.ActiveCfg = Release|Win32
		{ACC393D8-FB46-43B3-8AF2-1CDBBEA959CA}.Release|x86.Build.0 = Release|Win32
	EndGlobalSection
	GlobalSection(SolutionProperties) = preSolution
		HideSolutionNode = FALSE
	EndGlobalSection
	GlobalSection(ExtensibilityGlobals) = postSolution
		SolutionGuid = {8B443AC9-BA51-4DCF-AFFA-C1C38350DA89}
	EndGlobalSection
EndGlobal
